{
  "R": {
    "Version": "3.6.3",
    "Repositories": [
      {
        "Name": "CRAN",
        "URL": "https://cran.rstudio.com"
      }
    ]
  },
  "Packages": {
    "BH": {
      "Package": "BH",
      "Version": "1.72.0-3",
      "Source": "Repository",
      "Repository": "CRAN",
      "Hash": "8f9ce74c6417d61f0782cbae5fd2b7b0"
    },
    "DBI": {
      "Package": "DBI",
      "Version": "1.1.0",
      "Source": "Repository",
      "Repository": "CRAN",
      "Hash": "4744be45519d675af66c28478720fce5"
    },
    "Formula": {
      "Package": "Formula",
      "Version": "1.2-3",
      "Source": "Repository",
      "Repository": "CRAN",
      "Hash": "0537b6f1f38ea1fd514089192724bb6e"
    },
    "Hmisc": {
      "Package": "Hmisc",
      "Version": "4.4-0",
      "Source": "Repository",
      "Repository": "CRAN",
      "Hash": "1016ef46c7ebf841513624ecb22eebc7"
    },
    "KernSmooth": {
      "Package": "KernSmooth",
      "Version": "2.23-16",
      "Source": "Repository",
      "Repository": "CRAN",
      "Hash": "997471f25a7ed6c782f0090ce52cc63a"
    },
    "MASS": {
      "Package": "MASS",
      "Version": "7.3-51.5",
      "Source": "Repository",
      "Repository": "CRAN",
      "Hash": "9efe80472b21189ebab1b74169808c26"
    },
    "Matrix": {
      "Package": "Matrix",
      "Version": "1.2-18",
      "Source": "Repository",
      "Repository": "CRAN",
      "Hash": "08588806cba69f04797dab50627428ed"
    },
    "MatrixModels": {
      "Package": "MatrixModels",
      "Version": "0.4-1",
      "Source": "Repository",
      "Repository": "CRAN",
      "Hash": "d57ac35220b39c591388ab3a080f9cbe"
    },
    "R6": {
      "Package": "R6",
      "Version": "2.5.0",
      "Source": "Repository",
      "Repository": "CRAN",
      "Hash": "b203113193e70978a696b2809525649d"
    },
    "RColorBrewer": {
      "Package": "RColorBrewer",
      "Version": "1.1-2",
      "Source": "Repository",
      "Repository": "CRAN",
      "Hash": "e031418365a7f7a766181ab5a41a5716"
    },
    "Rcpp": {
      "Package": "Rcpp",
      "Version": "1.0.5",
      "Source": "Repository",
      "Repository": "CRAN",
      "Hash": "125dc7a0ed375eb68c0ce533b48d291f"
    },
    "RcppEigen": {
      "Package": "RcppEigen",
      "Version": "0.3.3.7.0",
      "Source": "Repository",
      "Repository": "CRAN",
      "Hash": "c6faf038ba4346b1de19ad7c99b8f94a"
    },
    "Rttf2pt1": {
      "Package": "Rttf2pt1",
      "Version": "1.3.8",
      "Source": "Repository",
      "Repository": "CRAN",
      "Hash": "8c4137a9ab70de4787d57758f8190617"
    },
    "SparseM": {
      "Package": "SparseM",
      "Version": "1.78",
      "Source": "Repository",
      "Repository": "CRAN",
      "Hash": "fbe4ac267bf42a91e495cc68ad3f8b63"
    },
    "TMB": {
      "Package": "TMB",
      "Version": "1.7.16",
      "Source": "Repository",
      "Repository": "CRAN",
      "Hash": "8ca17435ea11df17dfe4fb22f1375b16"
    },
    "TSP": {
      "Package": "TSP",
      "Version": "1.1-9",
      "Source": "Repository",
      "Repository": "CRAN",
      "Hash": "16adcdadede29e11ad0dc8f31908fe4d"
    },
    "abind": {
      "Package": "abind",
      "Version": "1.4-5",
      "Source": "Repository",
      "Repository": "CRAN",
      "Hash": "4f57884290cc75ab22f4af9e9d4ca862"
    },
    "acepack": {
      "Package": "acepack",
      "Version": "1.4.1",
      "Source": "Repository",
      "Repository": "CRAN",
      "Hash": "9d5038b94a50c7bf26940e2ef7f340c8"
    },
    "ash": {
      "Package": "ash",
      "Version": "1.0-15",
      "Source": "Repository",
      "Repository": "CRAN",
      "Hash": "e16751c399be6260ddf41f8148a3f8ef"
    },
    "askpass": {
      "Package": "askpass",
      "Version": "1.1",
      "Source": "Repository",
      "Repository": "CRAN",
      "Hash": "e8a22846fff485f0be3770c2da758713"
    },
    "assertthat": {
      "Package": "assertthat",
      "Version": "0.2.1",
      "Source": "Repository",
      "Repository": "CRAN",
      "Hash": "50c838a310445e954bc13f26f26a6ecf"
    },
    "backports": {
      "Package": "backports",
      "Version": "1.1.7",
      "Source": "Repository",
      "Repository": "CRAN",
      "Hash": "e9c8188eb82b137301493492d767a1ac"
    },
    "base64enc": {
      "Package": "base64enc",
      "Version": "0.1-3",
      "Source": "Repository",
      "Repository": "CRAN",
      "Hash": "543776ae6848fde2f48ff3816d0628bc"
    },
    "bitops": {
      "Package": "bitops",
      "Version": "1.0-6",
      "Source": "Repository",
      "Repository": "CRAN",
      "Hash": "0b118d5900596bae6c4d4865374536a6"
    },
    "bookdown": {
      "Package": "bookdown",
      "Version": "0.21",
      "Source": "Repository",
      "Repository": "CRAN",
      "Hash": "1bf627f1f77313e345f71e779b658578"
    },
    "boot": {
      "Package": "boot",
      "Version": "1.3-24",
      "Source": "Repository",
      "Repository": "CRAN",
      "Hash": "72557d88b5f42f01221dfa436de99301"
    },
    "brio": {
      "Package": "brio",
      "Version": "1.1.0",
      "Source": "Repository",
      "Repository": "CRAN",
      "Hash": "570a24963009b9cce0869a0463c83580"
    },
    "broom": {
      "Package": "broom",
      "Version": "0.7.4",
      "Source": "Repository",
      "Repository": "CRAN",
      "Hash": "3cca8477943a8e840c3eb64a25fef9d2"
    },
    "broom.mixed": {
      "Package": "broom.mixed",
      "Version": "0.2.6",
      "Source": "Repository",
      "Repository": "CRAN",
      "Hash": "b7fd49962c14d6a7fada6b5f3afb9309"
    },
    "caTools": {
      "Package": "caTools",
      "Version": "1.18.0",
      "Source": "Repository",
      "Repository": "CRAN",
      "Hash": "6f7c1405e500ef25a7c147e860b5fe32"
    },
    "callr": {
      "Package": "callr",
      "Version": "3.5.1",
      "Source": "Repository",
      "Repository": "CRAN",
      "Hash": "b7d7f1e926dfcd57c74ce93f5c048e80"
    },
    "car": {
      "Package": "car",
      "Version": "3.0-7",
      "Source": "Repository",
      "Repository": "CRAN",
      "Hash": "336f56628b096f47fdd6ec822537bf5e"
    },
    "carData": {
      "Package": "carData",
      "Version": "3.0-3",
      "Source": "Repository",
      "Repository": "CRAN",
      "Hash": "ce8a71dc9ad09a28bae9b17f9d38e928"
    },
    "cellranger": {
      "Package": "cellranger",
      "Version": "1.1.0",
      "Source": "Repository",
      "Repository": "CRAN",
      "Hash": "f61dbaec772ccd2e17705c1e872e9e7c"
    },
    "checkmate": {
      "Package": "checkmate",
      "Version": "2.0.0",
      "Source": "Repository",
      "Repository": "CRAN",
      "Hash": "a667800d5f0350371bedeb8b8b950289"
    },
    "cli": {
      "Package": "cli",
      "Version": "2.3.1",
      "Source": "Repository",
      "Repository": "CRAN",
      "Hash": "3e3f28efcadfda442cd18651fbcbbecf"
    },
    "clipr": {
      "Package": "clipr",
      "Version": "0.7.0",
      "Source": "Repository",
      "Repository": "CRAN",
      "Hash": "08cf4045c149a0f0eaf405324c7495bd"
    },
    "cluster": {
      "Package": "cluster",
      "Version": "2.1.0",
      "Source": "Repository",
      "Repository": "CRAN",
      "Hash": "db63a44aab5aadcb6bf2f129751d129a"
    },
    "coda": {
      "Package": "coda",
      "Version": "0.19-3",
      "Source": "Repository",
      "Repository": "CRAN",
      "Hash": "b177892d05d94358d282fcc303799593"
    },
    "codetools": {
      "Package": "codetools",
      "Version": "0.2-16",
      "Source": "Repository",
      "Repository": "CRAN",
      "Hash": "89cf4b8207269ccf82fbeb6473fd662b"
    },
    "colorspace": {
      "Package": "colorspace",
      "Version": "1.4-1",
      "Source": "Repository",
      "Repository": "CRAN",
      "Hash": "6b436e95723d1f0e861224dd9b094dfb"
    },
    "commonmark": {
      "Package": "commonmark",
      "Version": "1.7",
      "Source": "Repository",
      "Repository": "CRAN",
      "Hash": "0f22be39ec1d141fd03683c06f3a6e67"
    },
    "cpp11": {
      "Package": "cpp11",
      "Version": "0.2.4",
      "Source": "Repository",
      "Repository": "CRAN",
      "Hash": "ba66e5a750d39067d888aa7af797fed2"
    },
    "crayon": {
      "Package": "crayon",
      "Version": "1.4.1",
      "Source": "Repository",
      "Repository": "CRAN",
      "Hash": "e75525c55c70e5f4f78c9960a4b402e9"
    },
    "crosstalk": {
      "Package": "crosstalk",
      "Version": "1.1.0.1",
      "Source": "Repository",
      "Repository": "CRAN",
      "Hash": "ae55f5d7c02f0ab43c58dd050694f2b4"
    },
    "cubelyr": {
      "Package": "cubelyr",
      "Version": "1.0.0",
      "Source": "Repository",
      "Repository": "CRAN",
      "Hash": "e702368e379149b396460ae0fad35bd1"
    },
    "curl": {
      "Package": "curl",
      "Version": "4.3",
      "Source": "Repository",
      "Repository": "CRAN",
      "Hash": "2b7d10581cc730804e9ed178c8374bd6"
    },
    "data.table": {
      "Package": "data.table",
      "Version": "1.14.0",
      "Source": "Repository",
      "Repository": "CRAN",
      "Hash": "d1b8b1a821ee564a3515fa6c6d5c52dc"
    },
    "dbplyr": {
      "Package": "dbplyr",
      "Version": "1.4.2",
      "Source": "Repository",
      "Repository": "CRAN",
      "Hash": "022c8630abecb00f22740d021ab89595"
    },
    "dendextend": {
      "Package": "dendextend",
      "Version": "1.13.4",
      "Source": "Repository",
      "Repository": "CRAN",
      "Hash": "842396bdc603ee4a40d8039b5540f2e6"
    },
    "desc": {
      "Package": "desc",
      "Version": "1.2.0",
      "Source": "Repository",
      "Repository": "CRAN",
      "Hash": "6c8fe8fa26a23b79949375d372c7b395"
    },
    "diffobj": {
      "Package": "diffobj",
      "Version": "0.3.3",
      "Source": "Repository",
      "Repository": "CRAN",
      "Hash": "55fae7ec1418d2a47bd552571673d1af"
    },
    "digest": {
      "Package": "digest",
      "Version": "0.6.27",
      "Source": "Repository",
      "Repository": "CRAN",
      "Hash": "a0cbe758a531d054b537d16dff4d58a1"
    },
    "dplyr": {
      "Package": "dplyr",
      "Version": "1.0.5",
      "Source": "Repository",
      "Repository": "CRAN",
      "Hash": "d0d76c11ec807eb3f000eba4e3eb0f68"
    },
    "effects": {
      "Package": "effects",
      "Version": "4.2-0",
      "Source": "Repository",
      "Repository": "CRAN",
      "Hash": "5d6aa3605f4987fe3d3228d40cdd9c89"
    },
    "effsize": {
      "Package": "effsize",
      "Version": "0.8.1",
      "Source": "Repository",
      "Repository": "CRAN",
      "Hash": "8d00cc615bfe85d56071542db9d94db9"
    },
    "ellipsis": {
      "Package": "ellipsis",
      "Version": "0.3.1",
      "Source": "Repository",
      "Repository": "CRAN",
      "Hash": "fd2844b3a43ae2d27e70ece2df1b4e2a"
    },
    "equatiomatic": {
      "Package": "equatiomatic",
      "Version": "0.2.0",
      "Source": "Repository",
      "Repository": "CRAN",
      "Hash": "dc3228e7bf33a76a7be5e285a416f0e1"
    },
    "estimability": {
      "Package": "estimability",
      "Version": "1.3",
      "Source": "Repository",
      "Repository": "CRAN",
      "Hash": "05901bd61be60fd3bfc5b7d7c3517d1d"
    },
    "evaluate": {
      "Package": "evaluate",
      "Version": "0.14",
      "Source": "Repository",
      "Repository": "CRAN",
      "Hash": "ec8ca05cffcc70569eaaad8469d2a3a7"
    },
    "extrafont": {
      "Package": "extrafont",
      "Version": "0.17",
      "Source": "Repository",
      "Repository": "CRAN",
      "Hash": "7f2f50e8f998a4bea4b04650fc4f2ca8"
    },
    "extrafontdb": {
      "Package": "extrafontdb",
      "Version": "1.0",
      "Source": "Repository",
      "Repository": "CRAN",
      "Hash": "a861555ddec7451c653b40e713166c6f"
    },
    "fansi": {
      "Package": "fansi",
      "Version": "0.4.2",
      "Source": "Repository",
      "Repository": "CRAN",
      "Hash": "fea074fb67fe4c25d47ad09087da847d"
    },
    "farver": {
      "Package": "farver",
      "Version": "2.0.3",
      "Source": "Repository",
      "Repository": "CRAN",
      "Hash": "dad6793a5a1f73c8e91f1a1e3e834b05"
    },
    "forcats": {
      "Package": "forcats",
      "Version": "0.5.0",
      "Source": "Repository",
      "Repository": "CRAN",
      "Hash": "1cb4279e697650f0bd78cd3601ee7576"
    },
    "foreach": {
      "Package": "foreach",
      "Version": "1.5.0",
      "Source": "Repository",
      "Repository": "CRAN",
      "Hash": "8fb3ff01ee7d85893f56df8d77213381"
    },
    "foreign": {
      "Package": "foreign",
      "Version": "0.8-76",
      "Source": "Repository",
      "Repository": "CRAN",
      "Hash": "649b9c7a979d50d869578c73fed072cd"
    },
    "fs": {
      "Package": "fs",
      "Version": "1.5.0",
      "Source": "Repository",
      "Repository": "CRAN",
      "Hash": "44594a07a42e5f91fac9f93fda6d0109"
    },
    "gclus": {
      "Package": "gclus",
      "Version": "1.3.2",
      "Source": "Repository",
      "Repository": "CRAN",
      "Hash": "8f905e7f70ac42e5b0e39d6ba360dd44"
    },
    "gdata": {
      "Package": "gdata",
      "Version": "2.18.0",
      "Source": "Repository",
      "Repository": "CRAN",
      "Hash": "465ccb84427f5fe2c54f8620666db131"
    },
    "generics": {
      "Package": "generics",
      "Version": "0.0.2",
      "Source": "Repository",
      "Repository": "CRAN",
      "Hash": "b8cff1d1391fd1ad8b65877f4c7f2e53"
    },
    "ggalt": {
      "Package": "ggalt",
      "Version": "0.4.0",
      "Source": "Repository",
      "Repository": "CRAN",
      "Hash": "bae53c310be0adce98458355c38ef1bf"
    },
    "ggbiplot": {
      "Package": "ggbiplot",
      "Version": "0.55",
      "Source": "GitHub",
      "RemoteType": "github",
      "RemoteHost": "api.github.com",
      "RemoteRepo": "ggbiplot",
      "RemoteUsername": "vqv",
      "RemoteRef": "HEAD",
      "RemoteSha": "7325e880485bea4c07465a0304c470608fffb5d9",
      "Hash": "15a56f59159161ce6ec761f9deef8e78"
    },
    "ggforce": {
      "Package": "ggforce",
      "Version": "0.3.2",
      "Source": "Repository",
      "Repository": "CRAN",
      "Hash": "4adaf6b01b41f243ba0c62801de3331e"
    },
    "gglm": {
      "Package": "gglm",
      "Version": "0.1.0",
      "Source": "Repository",
      "Repository": "CRAN",
      "Hash": "9bd9f4e1f69b4c9e51e4c1c5c1e2ccb7"
    },
    "ggnewscale": {
      "Package": "ggnewscale",
      "Version": "0.4.1",
      "Source": "Repository",
      "Repository": "CRAN",
      "Hash": "664760503b42cad5c056765596ba53ef"
    },
    "ggplot2": {
      "Package": "ggplot2",
      "Version": "3.3.3",
      "Source": "Repository",
      "Repository": "CRAN",
      "Hash": "3eb6477d01eb5bbdc03f7d5f70f2733e"
    },
    "glmmboot": {
      "Package": "glmmboot",
      "Version": "0.5.1",
      "Source": "Repository",
      "Repository": "CRAN",
      "Hash": "f45865f47aaef07eaefaadeaf1dfc8ab"
    },
    "glue": {
      "Package": "glue",
      "Version": "1.4.2",
      "Source": "Repository",
      "Repository": "CRAN",
      "Hash": "6efd734b14c6471cfe443345f3e35e29"
    },
    "gplots": {
      "Package": "gplots",
      "Version": "3.0.3",
      "Source": "Repository",
      "Repository": "CRAN",
      "Hash": "8c9dd0fe4766504762688b9f1de3139e"
    },
    "gridExtra": {
      "Package": "gridExtra",
      "Version": "2.3",
      "Source": "Repository",
      "Repository": "CRAN",
      "Hash": "7d7f283939f563670a697165b2cf5560"
    },
    "gt": {
      "Package": "gt",
      "Version": "0.2.2",
      "Source": "GitHub",
      "RemoteType": "github",
      "RemoteHost": "api.github.com",
      "RemoteRepo": "gt",
      "RemoteUsername": "rstudio",
      "RemoteRef": "HEAD",
      "RemoteSha": "bae32f432f190a904e26c3d1396b63ea65e5106a",
      "Hash": "373429165dee45beb626dfee41260f5f"
    },
    "gtable": {
      "Package": "gtable",
      "Version": "0.3.0",
      "Source": "Repository",
      "Repository": "CRAN",
      "Hash": "ac5c6baf7822ce8732b343f14c072c4d"
    },
    "gtools": {
      "Package": "gtools",
      "Version": "3.8.2",
      "Source": "Repository",
      "Repository": "CRAN",
      "Hash": "0a749b4458d19a54acae93c64e3e7c85"
    },
    "hagenutils": {
      "Package": "hagenutils",
      "Version": "0.0.8",
      "Source": "GitHub",
      "RemoteType": "github",
      "RemoteHost": "api.github.com",
      "RemoteRepo": "hagenutils",
      "RemoteUsername": "grasshoppermouse",
      "RemoteRef": "HEAD",
      "RemoteSha": "5b298eec320cefbcad74f05aee8feb3d378db576",
      "Hash": "94e9b59a2b72936211d94f9de9165bbd"
    },
    "haven": {
      "Package": "haven",
      "Version": "2.2.0",
      "Source": "Repository",
      "Repository": "CRAN",
      "Hash": "e3f662e125e9fdffd1ee4e94baea3451"
    },
    "hexbin": {
      "Package": "hexbin",
      "Version": "1.28.1",
      "Source": "Repository",
      "Repository": "CRAN",
      "Hash": "3d59212f2814d65dff517e6899813c58"
    },
    "highr": {
      "Package": "highr",
      "Version": "0.8",
      "Source": "Repository",
      "Repository": "CRAN",
      "Hash": "4dc5bb88961e347a0f4d8aad597cbfac"
    },
    "hms": {
      "Package": "hms",
      "Version": "0.5.3",
      "Source": "Repository",
      "Repository": "CRAN",
      "Hash": "726671f634529d470545f9fd1a9d1869"
    },
    "htmlTable": {
      "Package": "htmlTable",
      "Version": "1.13.3",
      "Source": "Repository",
      "Repository": "CRAN",
      "Hash": "90d75b22931af95e2dbb17188e1dfa0c"
    },
    "htmltools": {
      "Package": "htmltools",
      "Version": "0.5.0",
      "Source": "Repository",
      "Repository": "CRAN",
      "Hash": "7d651b7131794fe007b1ad6f21aaa401"
    },
    "htmlwidgets": {
      "Package": "htmlwidgets",
      "Version": "1.5.1",
      "Source": "Repository",
      "Repository": "CRAN",
      "Hash": "41bace23583fbc25089edae324de2dc3"
    },
    "httr": {
      "Package": "httr",
      "Version": "1.4.2",
      "Source": "Repository",
      "Repository": "CRAN",
      "Hash": "a525aba14184fec243f9eaec62fbed43"
    },
    "igraph": {
      "Package": "igraph",
      "Version": "1.2.6",
      "Source": "Repository",
      "Repository": "CRAN",
      "Hash": "7b1f856410253d56ea67ad808f7cdff6"
    },
    "insight": {
      "Package": "insight",
      "Version": "0.12.0",
      "Source": "Repository",
      "Repository": "CRAN",
      "Hash": "289744a551d87fb383e23c823aaf88c6"
    },
    "isoband": {
      "Package": "isoband",
      "Version": "0.2.0",
      "Source": "Repository",
      "Repository": "CRAN",
      "Hash": "15f6d57a664cd953a31ae4ea61e5e60e"
    },
    "iterators": {
      "Package": "iterators",
      "Version": "1.0.12",
      "Source": "Repository",
      "Repository": "CRAN",
      "Hash": "117128f48662573ff4c4e72608b9e202"
    },
    "jpeg": {
      "Package": "jpeg",
      "Version": "0.1-8.1",
      "Source": "Repository",
      "Repository": "CRAN",
      "Hash": "bc316c003aba520fc73d70ad53b5fc36"
    },
    "jsonlite": {
      "Package": "jsonlite",
      "Version": "1.7.1",
      "Source": "Repository",
      "Repository": "CRAN",
      "Hash": "1ec84e070b88b37ed169f19def40d47c"
    },
    "kableExtra": {
      "Package": "kableExtra",
      "Version": "1.3.4",
      "Source": "Repository",
      "Repository": "CRAN",
      "Hash": "49b625e6aabe4c5f091f5850aba8ff78"
    },
    "knitr": {
      "Package": "knitr",
      "Version": "1.31",
      "Source": "Repository",
      "Repository": "CRAN",
      "Hash": "c3994c036d19fc22c5e2a209c8298bfb"
    },
    "labeling": {
      "Package": "labeling",
      "Version": "0.3",
      "Source": "Repository",
      "Repository": "CRAN",
      "Hash": "73832978c1de350df58108c745ed0e3e"
    },
    "later": {
      "Package": "later",
      "Version": "1.1.0.1",
      "Source": "Repository",
      "Repository": "CRAN",
      "Hash": "d0a62b247165aabf397fded504660d8a"
    },
    "lattice": {
      "Package": "lattice",
      "Version": "0.20-41",
      "Source": "Repository",
      "Repository": "CRAN",
      "Hash": "fbd9285028b0263d76d18c95ae51a53d"
    },
    "latticeExtra": {
      "Package": "latticeExtra",
      "Version": "0.6-29",
      "Source": "Repository",
      "Repository": "CRAN",
      "Hash": "590829599d6182cf7461787af34666ee"
    },
    "lazyeval": {
      "Package": "lazyeval",
      "Version": "0.2.2",
      "Source": "Repository",
      "Repository": "CRAN",
      "Hash": "d908914ae53b04d4c0c0fd72ecc35370"
    },
    "lifecycle": {
      "Package": "lifecycle",
      "Version": "1.0.0",
      "Source": "Repository",
      "Repository": "CRAN",
      "Hash": "3471fb65971f1a7b2d4ae7848cf2db8d"
    },
    "lme4": {
      "Package": "lme4",
      "Version": "1.1-23",
      "Source": "Repository",
      "Repository": "CRAN",
      "Hash": "ad24d1fd9ed431543f4633bb083e194a"
    },
    "lpSolve": {
      "Package": "lpSolve",
      "Version": "5.6.15",
      "Source": "Repository",
      "Repository": "CRAN",
      "Hash": "90c3bc497e7d5ec9dbb863621be15abb"
    },
    "lubridate": {
      "Package": "lubridate",
      "Version": "1.7.8",
      "Source": "Repository",
      "Repository": "CRAN",
      "Hash": "6c04c31012c1be39783bebbbfc27b3a3"
    },
    "magrittr": {
      "Package": "magrittr",
      "Version": "2.0.1",
      "Source": "Repository",
      "Repository": "CRAN",
      "Hash": "41287f1ac7d28a92f0a286ed507928d3"
    },
    "maps": {
      "Package": "maps",
      "Version": "3.3.0",
      "Source": "Repository",
      "Repository": "CRAN",
      "Hash": "392212982257ea03c37b63547dc871b4"
    },
    "maptools": {
      "Package": "maptools",
      "Version": "0.9-9",
      "Source": "Repository",
      "Repository": "CRAN",
      "Hash": "11f9769cebea9435c02e0b83fc65dd76"
    },
    "markdown": {
      "Package": "markdown",
      "Version": "1.1",
      "Source": "Repository",
      "Repository": "CRAN",
      "Hash": "61e4a10781dd00d7d81dd06ca9b94e95"
    },
    "mediation": {
      "Package": "mediation",
      "Version": "4.5.0",
      "Source": "Repository",
      "Repository": "CRAN",
      "Hash": "8da1d14d50a1179586a6e88c5090d305"
    },
    "mgcv": {
      "Package": "mgcv",
      "Version": "1.8-31",
      "Source": "Repository",
      "Repository": "CRAN",
      "Hash": "4bb7e0c4f3557583e1e8d3c9ffb8ba5c"
    },
    "mime": {
      "Package": "mime",
      "Version": "0.9",
      "Source": "Repository",
      "Repository": "CRAN",
      "Hash": "e87a35ec73b157552814869f45a63aa3"
    },
    "minqa": {
      "Package": "minqa",
      "Version": "1.2.4",
      "Source": "Repository",
      "Repository": "CRAN",
      "Hash": "eaee7d2a6f3ed4491df868611cb064cc"
    },
    "mitools": {
      "Package": "mitools",
      "Version": "2.4",
      "Source": "Repository",
      "Repository": "CRAN",
      "Hash": "a4b659bd0528226724d55034f11ed7cb"
    },
    "modelr": {
      "Package": "modelr",
      "Version": "0.1.6",
      "Source": "Repository",
      "Repository": "CRAN",
      "Hash": "30a2db10e829133fa0a1e6eaed25bc73"
    },
    "munsell": {
      "Package": "munsell",
      "Version": "0.5.0",
      "Source": "Repository",
      "Repository": "CRAN",
      "Hash": "6dfe8bf774944bd5595785e3229d8771"
    },
    "mvtnorm": {
      "Package": "mvtnorm",
      "Version": "1.1-0",
      "Source": "Repository",
      "Repository": "CRAN",
      "Hash": "b4467e29ec60b2d05e361c9141e4fc59"
    },
    "nlme": {
      "Package": "nlme",
      "Version": "3.1-145",
      "Source": "Repository",
      "Repository": "CRAN",
      "Hash": "0ed9365684dc39cdd0bb5bd2f316dc67"
    },
    "nloptr": {
      "Package": "nloptr",
      "Version": "1.2.2.1",
      "Source": "Repository",
      "Repository": "CRAN",
      "Hash": "fb8d99bc36174f250c9778b42007e9e5"
    },
    "nnet": {
      "Package": "nnet",
      "Version": "7.3-13",
      "Source": "Repository",
      "Repository": "CRAN",
      "Hash": "aaeb5c7cae85223cc6d282f295dff295"
    },
    "numDeriv": {
      "Package": "numDeriv",
      "Version": "2016.8-1.1",
      "Source": "Repository",
      "Repository": "CRAN",
      "Hash": "df58958f293b166e4ab885ebcad90e02"
    },
    "openssl": {
      "Package": "openssl",
      "Version": "1.4.1",
      "Source": "Repository",
      "Repository": "CRAN",
      "Hash": "49f7258fd86ebeaea1df24d9ded00478"
    },
    "openxlsx": {
      "Package": "openxlsx",
      "Version": "4.1.4",
      "Source": "Repository",
      "Repository": "CRAN",
      "Hash": "664378f856aceb385eabbce0f202abd8"
    },
    "patchwork": {
      "Package": "patchwork",
      "Version": "1.1.0",
      "Source": "Repository",
      "Repository": "CRAN",
      "Hash": "89ba3e06a77b8ac5f6e7879e4d2ff375"
    },
    "pbkrtest": {
      "Package": "pbkrtest",
      "Version": "0.4-8.6",
      "Source": "Repository",
      "Repository": "CRAN",
      "Hash": "d547eab65958fc4f5d68ad0adfacfcf4"
    },
    "pillar": {
      "Package": "pillar",
      "Version": "1.5.1",
      "Source": "Repository",
      "Repository": "CRAN",
      "Hash": "24622aa4a0d3de3463c34513edca99b2"
    },
    "pkgbuild": {
      "Package": "pkgbuild",
      "Version": "1.1.0",
      "Source": "Repository",
      "Repository": "CRAN",
      "Hash": "404684bc4e3685007f9720adf13b06c1"
    },
    "pkgconfig": {
      "Package": "pkgconfig",
      "Version": "2.0.3",
      "Source": "Repository",
      "Repository": "CRAN",
      "Hash": "01f28d4278f15c76cddbea05899c5d6f"
    },
    "pkgload": {
      "Package": "pkgload",
      "Version": "1.1.0",
      "Source": "Repository",
      "Repository": "CRAN",
      "Hash": "b6b150cd4709e0c0c9b5d51ac4376282"
    },
    "plotly": {
      "Package": "plotly",
      "Version": "4.9.2.1",
      "Source": "Repository",
      "Repository": "CRAN",
      "Hash": "b08edf378e0e38959a6983e3d5902795"
    },
    "plyr": {
      "Package": "plyr",
      "Version": "1.8.6",
      "Source": "Repository",
      "Repository": "CRAN",
      "Hash": "ec0e5ab4e5f851f6ef32cd1d1984957f"
    },
    "png": {
      "Package": "png",
      "Version": "0.1-7",
      "Source": "Repository",
      "Repository": "CRAN",
      "Hash": "03b7076c234cb3331288919983326c55"
    },
    "polyclip": {
      "Package": "polyclip",
      "Version": "1.10-0",
      "Source": "Repository",
      "Repository": "CRAN",
      "Hash": "cb167f328b3ada4ec5cf67a7df4c900a"
    },
    "praise": {
      "Package": "praise",
      "Version": "1.0.0",
      "Source": "Repository",
      "Repository": "CRAN",
      "Hash": "a555924add98c99d2f411e37e7d25e9f"
    },
    "prettyunits": {
      "Package": "prettyunits",
      "Version": "1.1.1",
      "Source": "Repository",
      "Repository": "CRAN",
      "Hash": "95ef9167b75dde9d2ccc3c7528393e7e"
    },
    "processx": {
      "Package": "processx",
      "Version": "3.4.5",
      "Source": "Repository",
      "Repository": "CRAN",
      "Hash": "22aab6098cb14edd0a5973a8438b569b"
    },
    "progress": {
      "Package": "progress",
      "Version": "1.2.2",
      "Source": "Repository",
      "Repository": "CRAN",
      "Hash": "14dc9f7a3c91ebb14ec5bb9208a07061"
    },
    "proj4": {
      "Package": "proj4",
      "Version": "1.0-10",
      "Source": "Repository",
      "Repository": "CRAN",
      "Hash": "df4880a9408d75a23b8a8f7a2b18c429"
    },
    "promises": {
      "Package": "promises",
      "Version": "1.1.1",
      "Source": "Repository",
      "Repository": "CRAN",
      "Hash": "a8730dcbdd19f9047774909f0ec214a4"
    },
    "ps": {
      "Package": "ps",
      "Version": "1.6.0",
      "Source": "Repository",
      "Repository": "CRAN",
      "Hash": "32620e2001c1dce1af49c49dccbb9420"
    },
    "purrr": {
      "Package": "purrr",
      "Version": "0.3.4",
      "Source": "Repository",
      "Repository": "CRAN",
      "Hash": "97def703420c8ab10d8f0e6c72101e02"
    },
    "qap": {
      "Package": "qap",
      "Version": "0.1-1",
      "Source": "Repository",
      "Repository": "CRAN",
      "Hash": "753e69deffc32851121955ea150ecf8d"
    },
    "quantreg": {
      "Package": "quantreg",
      "Version": "5.55",
      "Source": "Repository",
      "Repository": "CRAN",
      "Hash": "dc0f41e5f60efc5fdbdb35a51a4028c5"
    },
    "readr": {
      "Package": "readr",
      "Version": "1.3.1",
      "Source": "Repository",
      "Repository": "CRAN",
      "Hash": "af8ab99cd936773a148963905736907b"
    },
    "readxl": {
      "Package": "readxl",
      "Version": "1.3.1",
      "Source": "Repository",
      "Repository": "CRAN",
      "Hash": "63537c483c2dbec8d9e3183b3735254a"
    },
    "registry": {
      "Package": "registry",
      "Version": "0.5-1",
      "Source": "Repository",
      "Repository": "CRAN",
      "Hash": "1c9935f4f14c6c096c9c9072ddee59f1"
    },
    "rematch": {
      "Package": "rematch",
      "Version": "1.0.1",
      "Source": "Repository",
      "Repository": "CRAN",
      "Hash": "c66b930d20bb6d858cd18e1cebcfae5c"
    },
    "rematch2": {
      "Package": "rematch2",
      "Version": "2.1.1",
      "Source": "Repository",
      "Repository": "CRAN",
      "Hash": "fde8b68864fc334d11cbbcc298514624"
    },
    "renv": {
      "Package": "renv",
      "Version": "0.12.5",
      "Source": "Repository",
      "Repository": "CRAN",
      "Hash": "5c0cdb37f063c58cdab3c7e9fbb8bd2c"
    },
    "reprex": {
      "Package": "reprex",
      "Version": "0.3.0",
      "Source": "Repository",
      "Repository": "CRAN",
      "Hash": "b06bfb3504cc8a4579fd5567646f745b"
    },
    "reshape2": {
      "Package": "reshape2",
      "Version": "1.4.4",
      "Source": "Repository",
      "Repository": "CRAN",
      "Hash": "bb5996d0bd962d214a11140d77589917"
    },
    "rio": {
      "Package": "rio",
      "Version": "0.5.16",
      "Source": "Repository",
      "Repository": "CRAN",
      "Hash": "4a9aecbe83639be364de13ffe0671bcf"
    },
    "rlang": {
      "Package": "rlang",
      "Version": "0.4.10",
      "Source": "Repository",
      "Repository": "CRAN",
      "Hash": "599df23c40a4fce9c7b4764f28c37857"
    },
    "rmarkdown": {
      "Package": "rmarkdown",
      "Version": "2.6",
      "Source": "Repository",
      "Repository": "CRAN",
      "Hash": "bc4bac38960b446c183957bfd563e763"
    },
    "rpart": {
      "Package": "rpart",
      "Version": "4.1-15",
      "Source": "Repository",
      "Repository": "CRAN",
      "Hash": "9787c1fcb680e655d062e7611cadf78e"
    },
    "rprojroot": {
      "Package": "rprojroot",
      "Version": "1.3-2",
      "Source": "Repository",
      "Repository": "CRAN",
      "Hash": "f6a407ae5dd21f6f80a6708bbb6eb3ae"
    },
    "rstudioapi": {
      "Package": "rstudioapi",
      "Version": "0.11",
      "Source": "Repository",
      "Repository": "CRAN",
      "Hash": "33a5b27a03da82ac4b1d43268f80088a"
    },
    "rvest": {
      "Package": "rvest",
      "Version": "0.3.5",
      "Source": "Repository",
      "Repository": "CRAN",
      "Hash": "6a20c2cdf133ebc7ac45888c9ccc052b"
    },
    "sandwich": {
      "Package": "sandwich",
      "Version": "2.5-1",
      "Source": "Repository",
      "Repository": "CRAN",
      "Hash": "510d1f864cd565d8119801a49db4fd85"
    },
    "sass": {
      "Package": "sass",
      "Version": "0.2.0",
      "Source": "Repository",
      "Repository": "CRAN",
      "Hash": "441417bbd40d5bbd07561cc40fb182ed"
    },
    "scales": {
      "Package": "scales",
      "Version": "1.1.1",
      "Source": "Repository",
      "Repository": "CRAN",
      "Hash": "6f76f71042411426ec8df6c54f34e6dd"
    },
    "selectr": {
      "Package": "selectr",
      "Version": "0.4-2",
      "Source": "Repository",
      "Repository": "CRAN",
      "Hash": "3838071b66e0c566d55cc26bd6e27bf4"
    },
    "seriation": {
      "Package": "seriation",
      "Version": "1.2-8",
      "Source": "Repository",
      "Repository": "CRAN",
      "Hash": "8ecd38ae23eea07aad8d4136f9a2fd63"
    },
    "signaling2020data": {
      "Package": "signaling2020data",
      "Version": "0.0.0.9000",
      "Source": "GitHub",
      "RemoteType": "github",
      "RemoteHost": "api.github.com",
      "RemoteRepo": "signaling2020data",
      "RemoteUsername": "michaelrgaffney",
      "RemoteRef": "HEAD",
      "RemoteSha": "72e49976a015c5bee91a98f3f669e3b38b66649e",
      "Hash": "8b63993b816849201176e99a05f662b4"
    },
    "sp": {
      "Package": "sp",
      "Version": "1.4-2",
      "Source": "Repository",
      "Repository": "CRAN",
      "Hash": "3290eebc34ba4df5e213878d54c1e623"
    },
    "statmod": {
      "Package": "statmod",
      "Version": "1.4.34",
      "Source": "Repository",
      "Repository": "CRAN",
      "Hash": "5b229273695937933bc21ef235e84962"
    },
    "stringi": {
      "Package": "stringi",
      "Version": "1.4.6",
      "Source": "Repository",
      "Repository": "CRAN",
      "Hash": "e99d8d656980d2dd416a962ae55aec90"
    },
    "stringr": {
      "Package": "stringr",
      "Version": "1.4.0.9000",
      "Source": "GitHub",
      "RemoteType": "github",
      "RemoteHost": "api.github.com",
      "RemoteRepo": "stringr",
      "RemoteUsername": "tidyverse",
      "RemoteRef": "master",
      "RemoteSha": "f70c4bad938815e66c930ff6ecde15d166e04bb5",
      "Hash": "f9ddfeae0c3d8d795010d8a5ec65728e"
    },
    "survey": {
      "Package": "survey",
      "Version": "4.0",
      "Source": "Repository",
      "Repository": "CRAN",
      "Hash": "c1108185333d7187ebd17f033b942ecb"
    },
    "survival": {
      "Package": "survival",
      "Version": "3.1-12",
      "Source": "Repository",
      "Repository": "CRAN",
      "Hash": "1c5bb53bd428f3c42a25b7aeb983d8c7"
    },
    "svglite": {
      "Package": "svglite",
      "Version": "2.0.0",
      "Source": "Repository",
      "Repository": "CRAN",
      "Hash": "8fb6188960bf0f90996ce52f9c2106ac"
    },
    "sys": {
      "Package": "sys",
      "Version": "3.3",
      "Source": "Repository",
      "Repository": "CRAN",
      "Hash": "507f3116a38d37ad330a038b3be07b66"
    },
    "systemfonts": {
      "Package": "systemfonts",
      "Version": "1.0.1",
      "Source": "Repository",
      "Repository": "CRAN",
      "Hash": "6e899d7c097698d50ec87b1d8e65f246"
    },
    "tarchetypes": {
      "Package": "tarchetypes",
      "Version": "0.1.0",
      "Source": "Repository",
      "Repository": "CRAN",
      "Hash": "1270e517deebe89a4140ed2445e82bea"
    },
    "targets": {
      "Package": "targets",
      "Version": "0.2.0.9000",
      "Source": "GitHub",
      "RemoteType": "github",
      "RemoteHost": "api.github.com",
      "RemoteRepo": "targets",
      "RemoteUsername": "ropensci",
      "RemoteRef": "HEAD",
      "RemoteSha": "c23727b49966f59db2403f2a0c63f438fb133620",
      "Hash": "e3564e97d6a0f6adf9029652af521045"
    },
    "testthat": {
      "Package": "testthat",
      "Version": "3.0.1",
      "Source": "Repository",
      "Repository": "CRAN",
      "Hash": "17826764cb92d8b5aae6619896e5a161"
    },
    "tibble": {
      "Package": "tibble",
      "Version": "3.1.0",
      "Source": "Repository",
      "Repository": "CRAN",
      "Hash": "4d894a114dbd4ecafeda5074e7c538e6"
    },
    "tidyr": {
      "Package": "tidyr",
      "Version": "1.1.2",
      "Source": "Repository",
      "Repository": "CRAN",
      "Hash": "c40b2d5824d829190f4b825f4496dfae"
    },
    "tidyselect": {
      "Package": "tidyselect",
      "Version": "1.1.0",
      "Source": "Repository",
      "Repository": "CRAN",
      "Hash": "6ea435c354e8448819627cf686f66e0a"
    },
    "tidyverse": {
      "Package": "tidyverse",
      "Version": "1.3.0",
      "Source": "Repository",
      "Repository": "CRAN",
      "Hash": "bd51be662f359fa99021f3d51e911490"
    },
    "tinytex": {
      "Package": "tinytex",
      "Version": "0.23",
      "Source": "Repository",
      "Repository": "CRAN",
      "Hash": "a8c653ef8ce67683f588e6088ed45572"
    },
    "tweenr": {
      "Package": "tweenr",
      "Version": "1.0.1",
      "Source": "Repository",
      "Repository": "CRAN",
      "Hash": "fc77eb5297507cccfa3349a606061030"
    },
    "utf8": {
      "Package": "utf8",
      "Version": "1.2.1",
      "Source": "Repository",
      "Repository": "CRAN",
      "Hash": "c3ad47dc6da0751f18ed53c4613e3ac7"
    },
    "vctrs": {
      "Package": "vctrs",
      "Version": "0.3.6",
      "Source": "Repository",
      "Repository": "CRAN",
      "Hash": "5cf1957f93076c19fdc81d01409d240b"
    },
    "viridis": {
      "Package": "viridis",
      "Version": "0.5.1",
      "Source": "Repository",
      "Repository": "CRAN",
      "Hash": "6f6b49e5b3b5ee5a6d0c28bf1b4b9eb3"
    },
    "viridisLite": {
      "Package": "viridisLite",
      "Version": "0.3.0",
      "Source": "Repository",
      "Repository": "CRAN",
      "Hash": "ce4f6271baa94776db692f1cb2055bee"
    },
    "visNetwork": {
      "Package": "visNetwork",
      "Version": "2.0.9",
      "Source": "Repository",
      "Repository": "CRAN",
      "Hash": "12545f2acf49d1d346d075580122d89c"
    },
    "visreg": {
      "Package": "visreg",
      "Version": "2.7.0",
      "Source": "Repository",
      "Repository": "CRAN",
      "Hash": "f8f4418faf69c4b1c0814bb0b9781d76"
    },
    "waldo": {
      "Package": "waldo",
      "Version": "0.2.3",
      "Source": "Repository",
      "Repository": "CRAN",
      "Hash": "181d1a31b1ba2009ef20926f2ee0570c"
    },
    "webshot": {
      "Package": "webshot",
      "Version": "0.5.2",
      "Source": "Repository",
      "Repository": "CRAN",
      "Hash": "e99d80ad34457a4853674e89d5e806de"
    },
    "whisker": {
      "Package": "whisker",
      "Version": "0.4",
      "Source": "Repository",
      "Repository": "CRAN",
      "Hash": "ca970b96d894e90397ed20637a0c1bbe"
    },
    "withr": {
      "Package": "withr",
      "Version": "2.4.1",
      "Source": "Repository",
      "Repository": "CRAN",
      "Hash": "caf4781c674ffa549a4676d2d77b13cc"
    },
    "xfun": {
      "Package": "xfun",
      "Version": "0.19",
      "Source": "Repository",
      "Repository": "CRAN",
      "Hash": "a42372606cb76f34da9d090326e9f955"
    },
    "xml2": {
      "Package": "xml2",
      "Version": "1.3.1",
      "Source": "Repository",
      "Repository": "CRAN",
      "Hash": "921dce7c0ec595ed85e77683d3e6c8b6"
    },
    "yaml": {
      "Package": "yaml",
      "Version": "2.2.1",
      "Source": "Repository",
      "Repository": "CRAN",
      "Hash": "2826c5d9efb0a88f657c7a679c7106db"
    },
    "zip": {
      "Package": "zip",
      "Version": "2.1.1",
      "Source": "Repository",
      "Repository": "CRAN",
      "Hash": "3bc8405c637d988801ec5ea88372d0c2"
    },
    "zoo": {
      "Package": "zoo",
      "Version": "1.8-7",
      "Source": "Repository",
      "Repository": "CRAN",
      "Hash": "157e0e442de69a5b00ee5c7066d6184d"
    }
  }
}
